
Microsoft Visual Studio Solution File, Format Version 12.00
# Visual Studio 15
VisualStudioVersion = 15.0.27703.2018
MinimumVisualStudioVersion = 10.0.40219.1
Project("{FAE04EC0-301F-11D3-BF4B-00C04F79EFBC}") = "Verlof", "Verlof\Verlof.csproj", "{653778F9-5B11-42AA-A15C-C6BB43A1C015}"
EndProject
Global
	GlobalSection(SolutionConfigurationPlatforms) = preSolution
		Debug|Any CPU = Debug|Any CPU
		Release|Any CPU = Release|Any CPU
	EndGlobalSection
	GlobalSection(ProjectConfigurationPlatforms) = postSolution
		{653778F9-5B11-42AA-A15C-C6BB43A1C015}.Debug|Any CPU.ActiveCfg = Debug|Any CPU
		{653778F9-5B11-42AA-A15C-C6BB43A1C015}.Debug|Any CPU.Build.0 = Debug|Any CPU
		{653778F9-5B11-42AA-A15C-C6BB43A1C015}.Release|Any CPU.ActiveCfg = Release|Any CPU
		{653778F9-5B11-42AA-A15C-C6BB43A1C015}.Release|Any CPU.Build.0 = Release|Any CPU
	EndGlobalSection
	GlobalSection(SolutionProperties) = preSolution
		HideSolutionNode = FALSE
	EndGlobalSection
	GlobalSection(ExtensibilityGlobals) = postSolution
		SolutionGuid = {F91C1DA5-01D7-4EDD-9BAC-D753CD1260A7}
	EndGlobalSection
EndGlobal
